
Microsoft Visual Studio Solution File, Format Version 10.00
# Visual Studio 2008
Project("{FAE04EC0-301F-11D3-BF4B-00C04F79EFBC}") = "DTCMS.Common", "DTCMS.Common\DTCMS.Common.csproj", "{086A7F54-1A11-42E1-BE0D-33863EAEF4A3}"
EndProject
Project("{FAE04EC0-301F-11D3-BF4B-00C04F79EFBC}") = "DTCMS.Config", "DTCMS.Config\DTCMS.Config.csproj", "{A4CC57ED-9E99-4FF5-95E9-A7BBB3C3FB43}"
EndProject
Project("{FAE04EC0-301F-11D3-BF4B-00C04F79EFBC}") = "DTCMS.DALFactory", "DTCMS.DALFactory\DTCMS.DALFactory.csproj", "{6681CBE6-A3EE-4607-A1B3-3A19947226A7}" 
EndProject
Project("{FAE04EC0-301F-11D3-BF4B-00C04F79EFBC}") = "DTCMS.Entity", "DTCMS.Entity\DTCMS.Entity.csproj", "{DF2F902E-45F7-4760-9214-981A56E202B9}"
EndProject
Project("{FAE04EC0-301F-11D3-BF4B-00C04F79EFBC}") = "DTCMS.IDAL", "DTCMS.IDAL\DTCMS.IDAL.csproj", "{781AE6C8-31B1-48C0-B1C6-04F5EDA522D9}"
EndProject
Project("{FAE04EC0-301F-11D3-BF4B-00C04F79EFBC}") = "DTCMS.SqlServerDAL", "DTCMS.SqlServerDAL\DTCMS.SqlServerDAL.csproj", "{C7E7D0AF-4A77-4653-B335-F3CB0B4D128E}"
EndProject
Project("{FAE04EC0-301F-11D3-BF4B-00C04F79EFBC}") = "DTCMS.Web", "DTCMS.Web\DTCMS.Web.csproj", "{7DBA0670-7419-4E7A-BCB7-92A8C7151733}"
EndProject
Project("{FAE04EC0-301F-11D3-BF4B-00C04F79EFBC}") = "DTCMS.BLL", "DTCMS.BLL\DTCMS.BLL.csproj", "{DDDF40F6-5CBE-4CD3-9890-4648C8CEBB04}"
EndProject
Project("{FAE04EC0-301F-11D3-BF4B-00C04F79EFBC}") = "DTCMS.DBUtility", "DTCMS.DBUtility\DTCMS.DBUtility.csproj", "{B925723C-29AC-4BE0-9919-DF4C1780B1E8}"
EndProject
Project("{FAE04EC0-301F-11D3-BF4B-00C04F79EFBC}") = "DTCMS.Controls", "DTCMS.Controls\DTCMS.Controls.csproj", "{B9352D26-CB19-4327-97CD-7FE93BD1CC4B}"
EndProject
Project("{FAE04EC0-301F-11D3-BF4B-00C04F79EFBC}") = "DTCMS.Pages", "DTCMS.Pages\DTCMS.Pages.csproj", "{619F3C0B-AD24-4F16-83D9-DDFB120425DE}"
EndProject
Project("{FAE04EC0-301F-11D3-BF4B-00C04F79EFBC}") = "DTCMS.SqlProvider", "DTCMS.SqlProvider\DTCMS.SqlProvider.csproj", "{F94F9634-7E54-4B26-9AF2-C5E096131823}"
EndProject
Project("{FAE04EC0-301F-11D3-BF4B-00C04F79EFBC}") = "DTCMS.TemplateEngine", "DTCMS.TemplateEngine\DTCMS.TemplateEngine.csproj", "{FFE421FA-C56D-466D-BCBE-5C451F2C82BC}"
EndProject
Global
	GlobalSection(SubversionScc) = preSolution
		Svn-Managed = True
		Manager = AnkhSVN - Subversion Support for Visual Studio
	EndGlobalSection
	GlobalSection(SolutionConfigurationPlatforms) = preSolution
		Debug|Any CPU = Debug|Any CPU
		Release|Any CPU = Release|Any CPU
	EndGlobalSection
	GlobalSection(ProjectConfigurationPlatforms) = postSolution
		{086A7F54-1A11-42E1-BE0D-33863EAEF4A3}.Debug|Any CPU.ActiveCfg = Debug|Any CPU
		{086A7F54-1A11-42E1-BE0D-33863EAEF4A3}.Debug|Any CPU.Build.0 = Debug|Any CPU
		{086A7F54-1A11-42E1-BE0D-33863EAEF4A3}.Release|Any CPU.ActiveCfg = Release|Any CPU
		{086A7F54-1A11-42E1-BE0D-33863EAEF4A3}.Release|Any CPU.Build.0 = Release|Any CPU
		{A4CC57ED-9E99-4FF5-95E9-A7BBB3C3FB43}.Debug|Any CPU.ActiveCfg = Debug|Any CPU
		{A4CC57ED-9E99-4FF5-95E9-A7BBB3C3FB43}.Debug|Any CPU.Build.0 = Debug|Any CPU
		{A4CC57ED-9E99-4FF5-95E9-A7BBB3C3FB43}.Release|Any CPU.ActiveCfg = Release|Any CPU
		{A4CC57ED-9E99-4FF5-95E9-A7BBB3C3FB43}.Release|Any CPU.Build.0 = Release|Any CPU
		{6681CBE6-A3EE-4607-A1B3-3A19947226A7}.Debug|Any CPU.ActiveCfg = Debug|Any CPU
		{6681CBE6-A3EE-4607-A1B3-3A19947226A7}.Debug|Any CPU.Build.0 = Debug|Any CPU
		{6681CBE6-A3EE-4607-A1B3-3A19947226A7}.Release|Any CPU.ActiveCfg = Release|Any CPU
		{6681CBE6-A3EE-4607-A1B3-3A19947226A7}.Release|Any CPU.Build.0 = Release|Any CPU
		{DF2F902E-45F7-4760-9214-981A56E202B9}.Debug|Any CPU.ActiveCfg = Debug|Any CPU
		{DF2F902E-45F7-4760-9214-981A56E202B9}.Debug|Any CPU.Build.0 = Debug|Any CPU
		{DF2F902E-45F7-4760-9214-981A56E202B9}.Release|Any CPU.ActiveCfg = Release|Any CPU
		{DF2F902E-45F7-4760-9214-981A56E202B9}.Release|Any CPU.Build.0 = Release|Any CPU
		{781AE6C8-31B1-48C0-B1C6-04F5EDA522D9}.Debug|Any CPU.ActiveCfg = Debug|Any CPU
		{781AE6C8-31B1-48C0-B1C6-04F5EDA522D9}.Debug|Any CPU.Build.0 = Debug|Any CPU
		{781AE6C8-31B1-48C0-B1C6-04F5EDA522D9}.Release|Any CPU.ActiveCfg = Release|Any CPU
		{781AE6C8-31B1-48C0-B1C6-04F5EDA522D9}.Release|Any CPU.Build.0 = Release|Any CPU
		{C7E7D0AF-4A77-4653-B335-F3CB0B4D128E}.Debug|Any CPU.ActiveCfg = Debug|Any CPU
		{C7E7D0AF-4A77-4653-B335-F3CB0B4D128E}.Debug|Any CPU.Build.0 = Debug|Any CPU
		{C7E7D0AF-4A77-4653-B335-F3CB0B4D128E}.Release|Any CPU.ActiveCfg = Release|Any CPU
		{C7E7D0AF-4A77-4653-B335-F3CB0B4D128E}.Release|Any CPU.Build.0 = Release|Any CPU
		{7DBA0670-7419-4E7A-BCB7-92A8C7151733}.Debug|Any CPU.ActiveCfg = Debug|Any CPU
		{7DBA0670-7419-4E7A-BCB7-92A8C7151733}.Debug|Any CPU.Build.0 = Debug|Any CPU
		{7DBA0670-7419-4E7A-BCB7-92A8C7151733}.Release|Any CPU.ActiveCfg = Release|Any CPU
		{7DBA0670-7419-4E7A-BCB7-92A8C7151733}.Release|Any CPU.Build.0 = Release|Any CPU
		{DDDF40F6-5CBE-4CD3-9890-4648C8CEBB04}.Debug|Any CPU.ActiveCfg = Debug|Any CPU
		{DDDF40F6-5CBE-4CD3-9890-4648C8CEBB04}.Debug|Any CPU.Build.0 = Debug|Any CPU
		{DDDF40F6-5CBE-4CD3-9890-4648C8CEBB04}.Release|Any CPU.ActiveCfg = Release|Any CPU
		{DDDF40F6-5CBE-4CD3-9890-4648C8CEBB04}.Release|Any CPU.Build.0 = Release|Any CPU
		{B925723C-29AC-4BE0-9919-DF4C1780B1E8}.Debug|Any CPU.ActiveCfg = Debug|Any CPU
		{B925723C-29AC-4BE0-9919-DF4C1780B1E8}.Debug|Any CPU.Build.0 = Debug|Any CPU
		{B925723C-29AC-4BE0-9919-DF4C1780B1E8}.Release|Any CPU.ActiveCfg = Release|Any CPU
		{B925723C-29AC-4BE0-9919-DF4C1780B1E8}.Release|Any CPU.Build.0 = Release|Any CPU
		{B9352D26-CB19-4327-97CD-7FE93BD1CC4B}.Debug|Any CPU.ActiveCfg = Debug|Any CPU
		{B9352D26-CB19-4327-97CD-7FE93BD1CC4B}.Debug|Any CPU.Build.0 = Debug|Any CPU
		{B9352D26-CB19-4327-97CD-7FE93BD1CC4B}.Release|Any CPU.ActiveCfg = Release|Any CPU
		{B9352D26-CB19-4327-97CD-7FE93BD1CC4B}.Release|Any CPU.Build.0 = Release|Any CPU
		{619F3C0B-AD24-4F16-83D9-DDFB120425DE}.Debug|Any CPU.ActiveCfg = Debug|Any CPU
		{619F3C0B-AD24-4F16-83D9-DDFB120425DE}.Debug|Any CPU.Build.0 = Debug|Any CPU
		{619F3C0B-AD24-4F16-83D9-DDFB120425DE}.Release|Any CPU.ActiveCfg = Release|Any CPU
		{619F3C0B-AD24-4F16-83D9-DDFB120425DE}.Release|Any CPU.Build.0 = Release|Any CPU
		{F94F9634-7E54-4B26-9AF2-C5E096131823}.Debug|Any CPU.ActiveCfg = Debug|Any CPU
		{F94F9634-7E54-4B26-9AF2-C5E096131823}.Debug|Any CPU.Build.0 = Debug|Any CPU
		{F94F9634-7E54-4B26-9AF2-C5E096131823}.Release|Any CPU.ActiveCfg = Release|Any CPU
		{F94F9634-7E54-4B26-9AF2-C5E096131823}.Release|Any CPU.Build.0 = Release|Any CPU
		{FFE421FA-C56D-466D-BCBE-5C451F2C82BC}.Debug|Any CPU.ActiveCfg = Debug|Any CPU
		{FFE421FA-C56D-466D-BCBE-5C451F2C82BC}.Debug|Any CPU.Build.0 = Debug|Any CPU
		{FFE421FA-C56D-466D-BCBE-5C451F2C82BC}.Release|Any CPU.ActiveCfg = Release|Any CPU
		{FFE421FA-C56D-466D-BCBE-5C451F2C82BC}.Release|Any CPU.Build.0 = Release|Any CPU
	EndGlobalSection
	GlobalSection(SolutionProperties) = preSolution
		HideSolutionNode = FALSE
	EndGlobalSection
EndGlobal
